
Microsoft Visual Studio Solution File, Format Version 12.00
# Visual Studio Version 17
VisualStudioVersion = 17.10.34916.146
MinimumVisualStudioVersion = 10.0.40219.1
Project("{FAE04EC0-301F-11D3-BF4B-00C04F79EFBC}") = "Inheritance", "Inheritance\Inheritance.csproj", "{E8CE57CD-1E44-4263-BE29-68AB187BA867}"
EndProject
Project("{FAE04EC0-301F-11D3-BF4B-00C04F79EFBC}") = "Academy", "Academy\Academy.csproj", "{91A85580-69DB-4D36-9574-4CAE6EBEE885}"
EndProject
Project("{FAE04EC0-301F-11D3-BF4B-00C04F79EFBC}") = "File", "File\File.csproj", "{B8EAC352-8420-4A39-AA88-C447371C9026}"
EndProject
Project("{FAE04EC0-301F-11D3-BF4B-00C04F79EFBC}") = "AbstractBaseClass", "AbstractBaseClass\AbstractBaseClass.csproj", "{7F4C82BD-8B63-460C-BB25-D7D73F44DC44}"
EndProject
Project("{FAE04EC0-301F-11D3-BF4B-00C04F79EFBC}") = "AbstractGeometry", "AbstractGeometry\AbstractGeometry.csproj", "{5EB7173D-EEB1-4276-A53E-A8354720B361}"
EndProject
Global
	GlobalSection(SolutionConfigurationPlatforms) = preSolution
		Debug|Any CPU = Debug|Any CPU
		Release|Any CPU = Release|Any CPU
	EndGlobalSection
	GlobalSection(ProjectConfigurationPlatforms) = postSolution
		{E8CE57CD-1E44-4263-BE29-68AB187BA867}.Debug|Any CPU.ActiveCfg = Debug|Any CPU
		{E8CE57CD-1E44-4263-BE29-68AB187BA867}.Debug|Any CPU.Build.0 = Debug|Any CPU
		{E8CE57CD-1E44-4263-BE29-68AB187BA867}.Release|Any CPU.ActiveCfg = Release|Any CPU
		{E8CE57CD-1E44-4263-BE29-68AB187BA867}.Release|Any CPU.Build.0 = Release|Any CPU
		{91A85580-69DB-4D36-9574-4CAE6EBEE885}.Debug|Any CPU.ActiveCfg = Debug|Any CPU
		{91A85580-69DB-4D36-9574-4CAE6EBEE885}.Debug|Any CPU.Build.0 = Debug|Any CPU
		{91A85580-69DB-4D36-9574-4CAE6EBEE885}.Release|Any CPU.ActiveCfg = Release|Any CPU
		{91A85580-69DB-4D36-9574-4CAE6EBEE885}.Release|Any CPU.Build.0 = Release|Any CPU
		{B8EAC352-8420-4A39-AA88-C447371C9026}.Debug|Any CPU.ActiveCfg = Debug|Any CPU
		{B8EAC352-8420-4A39-AA88-C447371C9026}.Debug|Any CPU.Build.0 = Debug|Any CPU
		{B8EAC352-8420-4A39-AA88-C447371C9026}.Release|Any CPU.ActiveCfg = Release|Any CPU
		{B8EAC352-8420-4A39-AA88-C447371C9026}.Release|Any CPU.Build.0 = Release|Any CPU
		{7F4C82BD-8B63-460C-BB25-D7D73F44DC44}.Debug|Any CPU.ActiveCfg = Debug|Any CPU
		{7F4C82BD-8B63-460C-BB25-D7D73F44DC44}.Debug|Any CPU.Build.0 = Debug|Any CPU
		{7F4C82BD-8B63-460C-BB25-D7D73F44DC44}.Release|Any CPU.ActiveCfg = Release|Any CPU
		{7F4C82BD-8B63-460C-BB25-D7D73F44DC44}.Release|Any CPU.Build.0 = Release|Any CPU
		{5EB7173D-EEB1-4276-A53E-A8354720B361}.Debug|Any CPU.ActiveCfg = Debug|Any CPU
		{5EB7173D-EEB1-4276-A53E-A8354720B361}.Debug|Any CPU.Build.0 = Debug|Any CPU
		{5EB7173D-EEB1-4276-A53E-A8354720B361}.Release|Any CPU.ActiveCfg = Release|Any CPU
		{5EB7173D-EEB1-4276-A53E-A8354720B361}.Release|Any CPU.Build.0 = Release|Any CPU
	EndGlobalSection
	GlobalSection(SolutionProperties) = preSolution
		HideSolutionNode = FALSE
	EndGlobalSection
	GlobalSection(ExtensibilityGlobals) = postSolution
		SolutionGuid = {D9EBCAD7-F0B5-42B3-93DC-C3074777B9A5}
	EndGlobalSection
EndGlobal
